
Microsoft Visual Studio Solution File, Format Version 12.00
# Visual Studio 2013
VisualStudioVersion = 12.0.21005.1
MinimumVisualStudioVersion = 10.0.40219.1
Project("{FAE04EC0-301F-11D3-BF4B-00C04F79EFBC}") = "Client", "Client\Client.csproj", "{BE0CD562-534D-4E83-8CA1-41E15294FCDF}"
EndProject
Project("{FAE04EC0-301F-11D3-BF4B-00C04F79EFBC}") = "Server", "Server\Server.csproj", "{AAAE104C-B45A-4578-8328-13EE5669855D}"
EndProject
Project("{FAE04EC0-301F-11D3-BF4B-00C04F79EFBC}") = "GZipStreamTest", "GZipStreamTest\GZipStreamTest.csproj", "{39F7F5CC-35C0-47D6-BCEC-AF2F3918BB39}"
EndProject
Global
	GlobalSection(SolutionConfigurationPlatforms) = preSolution
		Debug|Any CPU = Debug|Any CPU
		Release|Any CPU = Release|Any CPU
	EndGlobalSection
	GlobalSection(ProjectConfigurationPlatforms) = postSolution
		{BE0CD562-534D-4E83-8CA1-41E15294FCDF}.Debug|Any CPU.ActiveCfg = Debug|Any CPU
		{BE0CD562-534D-4E83-8CA1-41E15294FCDF}.Debug|Any CPU.Build.0 = Debug|Any CPU
		{BE0CD562-534D-4E83-8CA1-41E15294FCDF}.Release|Any CPU.ActiveCfg = Release|Any CPU
		{BE0CD562-534D-4E83-8CA1-41E15294FCDF}.Release|Any CPU.Build.0 = Release|Any CPU
		{AAAE104C-B45A-4578-8328-13EE5669855D}.Debug|Any CPU.ActiveCfg = Debug|Any CPU
		{AAAE104C-B45A-4578-8328-13EE5669855D}.Debug|Any CPU.Build.0 = Debug|Any CPU
		{AAAE104C-B45A-4578-8328-13EE5669855D}.Release|Any CPU.ActiveCfg = Release|Any CPU
		{AAAE104C-B45A-4578-8328-13EE5669855D}.Release|Any CPU.Build.0 = Release|Any CPU
		{39F7F5CC-35C0-47D6-BCEC-AF2F3918BB39}.Debug|Any CPU.ActiveCfg = Debug|Any CPU
		{39F7F5CC-35C0-47D6-BCEC-AF2F3918BB39}.Debug|Any CPU.Build.0 = Debug|Any CPU
		{39F7F5CC-35C0-47D6-BCEC-AF2F3918BB39}.Release|Any CPU.ActiveCfg = Release|Any CPU
		{39F7F5CC-35C0-47D6-BCEC-AF2F3918BB39}.Release|Any CPU.Build.0 = Release|Any CPU
	EndGlobalSection
	GlobalSection(SolutionProperties) = preSolution
		HideSolutionNode = FALSE
	EndGlobalSection
EndGlobal
